// !$*UTF8*$!
{
	archiveVersion = 1;
	classes = {
	};
	objectVersion = 56;
	objects = {

/* Begin PBXBuildFile section */
		C068F60D29440A0B00ADF497 /* CIImage+JPG.swift in Sources */ = {isa = PBXBuildFile; fileRef = C068F60929440A0B00ADF497 /* CIImage+JPG.swift */; };
		C068F60E29440A0B00ADF497 /* OpticalFlowProcessor.swift in Sources */ = {isa = PBXBuildFile; fileRef = C068F60A29440A0B00ADF497 /* OpticalFlowProcessor.swift */; };
		C068F61029440A0B00ADF497 /* VideoAssetReader.swift in Sources */ = {isa = PBXBuildFile; fileRef = C068F60C29440A0B00ADF497 /* VideoAssetReader.swift */; };
		C068F6122944321E00ADF497 /* VideoWriter.swift in Sources */ = {isa = PBXBuildFile; fileRef = C068F6112944321E00ADF497 /* VideoWriter.swift */; };
		D57706B7294402440020BC00 /* AppDelegate.swift in Sources */ = {isa = PBXBuildFile; fileRef = D57706B6294402440020BC00 /* AppDelegate.swift */; };
		D57706B9294402440020BC00 /* ViewController.swift in Sources */ = {isa = PBXBuildFile; fileRef = D57706B8294402440020BC00 /* ViewController.swift */; };
		D57706BB294402450020BC00 /* Assets.xcassets in Resources */ = {isa = PBXBuildFile; fileRef = D57706BA294402450020BC00 /* Assets.xcassets */; };
		D57706BE294402450020BC00 /* Main.storyboard in Resources */ = {isa = PBXBuildFile; fileRef = D57706BC294402450020BC00 /* Main.storyboard */; };
		D57706C9294402460020BC00 /* FlowMotionPOCTests.swift in Sources */ = {isa = PBXBuildFile; fileRef = D57706C8294402460020BC00 /* FlowMotionPOCTests.swift */; };
		D57706D3294402460020BC00 /* FlowMotionPOCUITests.swift in Sources */ = {isa = PBXBuildFile; fileRef = D57706D2294402460020BC00 /* FlowMotionPOCUITests.swift */; };
		D57706D5294402460020BC00 /* FlowMotionPOCUITestsLaunchTests.swift in Sources */ = {isa = PBXBuildFile; fileRef = D57706D4294402460020BC00 /* FlowMotionPOCUITestsLaunchTests.swift */; };
/* End PBXBuildFile section */

/* Begin PBXContainerItemProxy section */
		D57706C5294402460020BC00 /* PBXContainerItemProxy */ = {
			isa = PBXContainerItemProxy;
			containerPortal = D57706AB294402430020BC00 /* Project object */;
			proxyType = 1;
			remoteGlobalIDString = D57706B2294402440020BC00;
			remoteInfo = FlowMotionPOC;
		};
		D57706CF294402460020BC00 /* PBXContainerItemProxy */ = {
			isa = PBXContainerItemProxy;
			containerPortal = D57706AB294402430020BC00 /* Project object */;
			proxyType = 1;
			remoteGlobalIDString = D57706B2294402440020BC00;
			remoteInfo = FlowMotionPOC;
		};
/* End PBXContainerItemProxy section */

/* Begin PBXFileReference section */
		C068F60929440A0B00ADF497 /* CIImage+JPG.swift */ = {isa = PBXFileReference; fileEncoding = 4; lastKnownFileType = sourcecode.swift; path = "CIImage+JPG.swift"; sourceTree = "<group>"; };
		C068F60A29440A0B00ADF497 /* OpticalFlowProcessor.swift */ = {isa = PBXFileReference; fileEncoding = 4; lastKnownFileType = sourcecode.swift; path = OpticalFlowProcessor.swift; sourceTree = "<group>"; };
		C068F60C29440A0B00ADF497 /* VideoAssetReader.swift */ = {isa = PBXFileReference; fileEncoding = 4; lastKnownFileType = sourcecode.swift; path = VideoAssetReader.swift; sourceTree = "<group>"; };
		C068F6112944321E00ADF497 /* VideoWriter.swift */ = {isa = PBXFileReference; lastKnownFileType = sourcecode.swift; path = VideoWriter.swift; sourceTree = "<group>"; };
		D57706B3294402440020BC00 /* FlowMotionPOC.app */ = {isa = PBXFileReference; explicitFileType = wrapper.application; includeInIndex = 0; path = FlowMotionPOC.app; sourceTree = BUILT_PRODUCTS_DIR; };
		D57706B6294402440020BC00 /* AppDelegate.swift */ = {isa = PBXFileReference; lastKnownFileType = sourcecode.swift; path = AppDelegate.swift; sourceTree = "<group>"; };
		D57706B8294402440020BC00 /* ViewController.swift */ = {isa = PBXFileReference; lastKnownFileType = sourcecode.swift; path = ViewController.swift; sourceTree = "<group>"; };
		D57706BA294402450020BC00 /* Assets.xcassets */ = {isa = PBXFileReference; lastKnownFileType = folder.assetcatalog; path = Assets.xcassets; sourceTree = "<group>"; };
		D57706BD294402450020BC00 /* Base */ = {isa = PBXFileReference; lastKnownFileType = file.storyboard; name = Base; path = Base.lproj/Main.storyboard; sourceTree = "<group>"; };
		D57706BF294402450020BC00 /* FlowMotionPOC.entitlements */ = {isa = PBXFileReference; lastKnownFileType = text.plist.entitlements; path = FlowMotionPOC.entitlements; sourceTree = "<group>"; };
		D57706C4294402460020BC00 /* FlowMotionPOCTests.xctest */ = {isa = PBXFileReference; explicitFileType = wrapper.cfbundle; includeInIndex = 0; path = FlowMotionPOCTests.xctest; sourceTree = BUILT_PRODUCTS_DIR; };
		D57706C8294402460020BC00 /* FlowMotionPOCTests.swift */ = {isa = PBXFileReference; lastKnownFileType = sourcecode.swift; path = FlowMotionPOCTests.swift; sourceTree = "<group>"; };
		D57706CE294402460020BC00 /* FlowMotionPOCUITests.xctest */ = {isa = PBXFileReference; explicitFileType = wrapper.cfbundle; includeInIndex = 0; path = FlowMotionPOCUITests.xctest; sourceTree = BUILT_PRODUCTS_DIR; };
		D57706D2294402460020BC00 /* FlowMotionPOCUITests.swift */ = {isa = PBXFileReference; lastKnownFileType = sourcecode.swift; path = FlowMotionPOCUITests.swift; sourceTree = "<group>"; };
		D57706D4294402460020BC00 /* FlowMotionPOCUITestsLaunchTests.swift */ = {isa = PBXFileReference; lastKnownFileType = sourcecode.swift; path = FlowMotionPOCUITestsLaunchTests.swift; sourceTree = "<group>"; };
/* End PBXFileReference section */

/* Begin PBXFrameworksBuildPhase section */
		D57706B0294402440020BC00 /* Frameworks */ = {
			isa = PBXFrameworksBuildPhase;
			buildActionMask = 2147483647;
			files = (
			);
			runOnlyForDeploymentPostprocessing = 0;
		};
		D57706C1294402460020BC00 /* Frameworks */ = {
			isa = PBXFrameworksBuildPhase;
			buildActionMask = 2147483647;
			files = (
			);
			runOnlyForDeploymentPostprocessing = 0;
		};
		D57706CB294402460020BC00 /* Frameworks */ = {
			isa = PBXFrameworksBuildPhase;
			buildActionMask = 2147483647;
			files = (
			);
			runOnlyForDeploymentPostprocessing = 0;
		};
/* End PBXFrameworksBuildPhase section */

/* Begin PBXGroup section */
		D57706AA294402430020BC00 = {
			isa = PBXGroup;
			children = (
				D57706B5294402440020BC00 /* FlowMotionPOC */,
				D57706C7294402460020BC00 /* FlowMotionPOCTests */,
				D57706D1294402460020BC00 /* FlowMotionPOCUITests */,
				D57706B4294402440020BC00 /* Products */,
			);
			sourceTree = "<group>";
		};
		D57706B4294402440020BC00 /* Products */ = {
			isa = PBXGroup;
			children = (
				D57706B3294402440020BC00 /* FlowMotionPOC.app */,
				D57706C4294402460020BC00 /* FlowMotionPOCTests.xctest */,
				D57706CE294402460020BC00 /* FlowMotionPOCUITests.xctest */,
			);
			name = Products;
			sourceTree = "<group>";
		};
		D57706B5294402440020BC00 /* FlowMotionPOC */ = {
			isa = PBXGroup;
			children = (
				D57706B6294402440020BC00 /* AppDelegate.swift */,
				D57706B8294402440020BC00 /* ViewController.swift */,
				C068F60A29440A0B00ADF497 /* OpticalFlowProcessor.swift */,
				C068F60C29440A0B00ADF497 /* VideoAssetReader.swift */,
				C068F6112944321E00ADF497 /* VideoWriter.swift */,
				C068F60929440A0B00ADF497 /* CIImage+JPG.swift */,
				D57706BA294402450020BC00 /* Assets.xcassets */,
				D57706BC294402450020BC00 /* Main.storyboard */,
				D57706BF294402450020BC00 /* FlowMotionPOC.entitlements */,
			);
			path = FlowMotionPOC;
			sourceTree = "<group>";
		};
		D57706C7294402460020BC00 /* FlowMotionPOCTests */ = {
			isa = PBXGroup;
			children = (
				D57706C8294402460020BC00 /* FlowMotionPOCTests.swift */,
			);
			path = FlowMotionPOCTests;
			sourceTree = "<group>";
		};
		D57706D1294402460020BC00 /* FlowMotionPOCUITests */ = {
			isa = PBXGroup;
			children = (
				D57706D2294402460020BC00 /* FlowMotionPOCUITests.swift */,
				D57706D4294402460020BC00 /* FlowMotionPOCUITestsLaunchTests.swift */,
			);
			path = FlowMotionPOCUITests;
			sourceTree = "<group>";
		};
/* End PBXGroup section */

/* Begin PBXNativeTarget section */
		D57706B2294402440020BC00 /* FlowMotionPOC */ = {
			isa = PBXNativeTarget;
			buildConfigurationList = D57706D8294402460020BC00 /* Build configuration list for PBXNativeTarget "FlowMotionPOC" */;
			buildPhases = (
				D57706AF294402440020BC00 /* Sources */,
				D57706B0294402440020BC00 /* Frameworks */,
				D57706B1294402440020BC00 /* Resources */,
			);
			buildRules = (
			);
			dependencies = (
			);
			name = FlowMotionPOC;
			productName = FlowMotionPOC;
			productReference = D57706B3294402440020BC00 /* FlowMotionPOC.app */;
			productType = "com.apple.product-type.application";
		};
		D57706C3294402460020BC00 /* FlowMotionPOCTests */ = {
			isa = PBXNativeTarget;
			buildConfigurationList = D57706DB294402460020BC00 /* Build configuration list for PBXNativeTarget "FlowMotionPOCTests" */;
			buildPhases = (
				D57706C0294402460020BC00 /* Sources */,
				D57706C1294402460020BC00 /* Frameworks */,
				D57706C2294402460020BC00 /* Resources */,
			);
			buildRules = (
			);
			dependencies = (
				D57706C6294402460020BC00 /* PBXTargetDependency */,
			);
			name = FlowMotionPOCTests;
			productName = FlowMotionPOCTests;
			productReference = D57706C4294402460020BC00 /* FlowMotionPOCTests.xctest */;
			productType = "com.apple.product-type.bundle.unit-test";
		};
		D57706CD294402460020BC00 /* FlowMotionPOCUITests */ = {
			isa = PBXNativeTarget;
			buildConfigurationList = D57706DE294402460020BC00 /* Build configuration list for PBXNativeTarget "FlowMotionPOCUITests" */;
			buildPhases = (
				D57706CA294402460020BC00 /* Sources */,
				D57706CB294402460020BC00 /* Frameworks */,
				D57706CC294402460020BC00 /* Resources */,
			);
			buildRules = (
			);
			dependencies = (
				D57706D0294402460020BC00 /* PBXTargetDependency */,
			);
			name = FlowMotionPOCUITests;
			productName = FlowMotionPOCUITests;
			productReference = D57706CE294402460020BC00 /* FlowMotionPOCUITests.xctest */;
			productType = "com.apple.product-type.bundle.ui-testing";
		};
/* End PBXNativeTarget section */

/* Begin PBXProject section */
		D57706AB294402430020BC00 /* Project object */ = {
			isa = PBXProject;
			attributes = {
				BuildIndependentTargetsInParallel = 1;
				LastSwiftUpdateCheck = 1410;
				LastUpgradeCheck = 1410;
				TargetAttributes = {
					D57706B2294402440020BC00 = {
						CreatedOnToolsVersion = 14.1;
					};
					D57706C3294402460020BC00 = {
						CreatedOnToolsVersion = 14.1;
						TestTargetID = D57706B2294402440020BC00;
					};
					D57706CD294402460020BC00 = {
						CreatedOnToolsVersion = 14.1;
						TestTargetID = D57706B2294402440020BC00;
					};
				};
			};
			buildConfigurationList = D57706AE294402430020BC00 /* Build configuration list for PBXProject "FlowMotionPOC" */;
			compatibilityVersion = "Xcode 14.0";
			developmentRegion = en;
			hasScannedForEncodings = 0;
			knownRegions = (
				en,
				Base,
			);
			mainGroup = D57706AA294402430020BC00;
			productRefGroup = D57706B4294402440020BC00 /* Products */;
			projectDirPath = "";
			projectRoot = "";
			targets = (
				D57706B2294402440020BC00 /* FlowMotionPOC */,
				D57706C3294402460020BC00 /* FlowMotionPOCTests */,
				D57706CD294402460020BC00 /* FlowMotionPOCUITests */,
			);
		};
/* End PBXProject section */

/* Begin PBXResourcesBuildPhase section */
		D57706B1294402440020BC00 /* Resources */ = {
			isa = PBXResourcesBuildPhase;
			buildActionMask = 2147483647;
			files = (
				D57706BB294402450020BC00 /* Assets.xcassets in Resources */,
				D57706BE294402450020BC00 /* Main.storyboard in Resources */,
			);
			runOnlyForDeploymentPostprocessing = 0;
		};
		D57706C2294402460020BC00 /* Resources */ = {
			isa = PBXResourcesBuildPhase;
			buildActionMask = 2147483647;
			files = (
			);
			runOnlyForDeploymentPostprocessing = 0;
		};
		D57706CC294402460020BC00 /* Resources */ = {
			isa = PBXResourcesBuildPhase;
			buildActionMask = 2147483647;
			files = (
			);
			runOnlyForDeploymentPostprocessing = 0;
		};
/* End PBXResourcesBuildPhase section */

/* Begin PBXSourcesBuildPhase section */
		D57706AF294402440020BC00 /* Sources */ = {
			isa = PBXSourcesBuildPhase;
			buildActionMask = 2147483647;
			files = (
				C068F61029440A0B00ADF497 /* VideoAssetReader.swift in Sources */,
				D57706B9294402440020BC00 /* ViewController.swift in Sources */,
				C068F60E29440A0B00ADF497 /* OpticalFlowProcessor.swift in Sources */,
				D57706B7294402440020BC00 /* AppDelegate.swift in Sources */,
				C068F6122944321E00ADF497 /* VideoWriter.swift in Sources */,
				C068F60D29440A0B00ADF497 /* CIImage+JPG.swift in Sources */,
			);
			runOnlyForDeploymentPostprocessing = 0;
		};
		D57706C0294402460020BC00 /* Sources */ = {
			isa = PBXSourcesBuildPhase;
			buildActionMask = 2147483647;
			files = (
				D57706C9294402460020BC00 /* FlowMotionPOCTests.swift in Sources */,
			);
			runOnlyForDeploymentPostprocessing = 0;
		};
		D57706CA294402460020BC00 /* Sources */ = {
			isa = PBXSourcesBuildPhase;
			buildActionMask = 2147483647;
			files = (
				D57706D3294402460020BC00 /* FlowMotionPOCUITests.swift in Sources */,
				D57706D5294402460020BC00 /* FlowMotionPOCUITestsLaunchTests.swift in Sources */,
			);
			runOnlyForDeploymentPostprocessing = 0;
		};
/* End PBXSourcesBuildPhase section */

/* Begin PBXTargetDependency section */
		D57706C6294402460020BC00 /* PBXTargetDependency */ = {
			isa = PBXTargetDependency;
			target = D57706B2294402440020BC00 /* FlowMotionPOC */;
			targetProxy = D57706C5294402460020BC00 /* PBXContainerItemProxy */;
		};
		D57706D0294402460020BC00 /* PBXTargetDependency */ = {
			isa = PBXTargetDependency;
			target = D57706B2294402440020BC00 /* FlowMotionPOC */;
			targetProxy = D57706CF294402460020BC00 /* PBXContainerItemProxy */;
		};
/* End PBXTargetDependency section */

/* Begin PBXVariantGroup section */
		D57706BC294402450020BC00 /* Main.storyboard */ = {
			isa = PBXVariantGroup;
			children = (
				D57706BD294402450020BC00 /* Base */,
			);
			name = Main.storyboard;
			sourceTree = "<group>";
		};
/* End PBXVariantGroup section */

/* Begin XCBuildConfiguration section */
		D57706D6294402460020BC00 /* Debug */ = {
			isa = XCBuildConfiguration;
			buildSettings = {
				ALWAYS_SEARCH_USER_PATHS = NO;
				CLANG_ANALYZER_NONNULL = YES;
				CLANG_ANALYZER_NUMBER_OBJECT_CONVERSION = YES_AGGRESSIVE;
				CLANG_CXX_LANGUAGE_STANDARD = "gnu++20";
				CLANG_ENABLE_MODULES = YES;
				CLANG_ENABLE_OBJC_ARC = YES;
				CLANG_ENABLE_OBJC_WEAK = YES;
				CLANG_WARN_BLOCK_CAPTURE_AUTORELEASING = YES;
				CLANG_WARN_BOOL_CONVERSION = YES;
				CLANG_WARN_COMMA = YES;
				CLANG_WARN_CONSTANT_CONVERSION = YES;
				CLANG_WARN_DEPRECATED_OBJC_IMPLEMENTATIONS = YES;
				CLANG_WARN_DIRECT_OBJC_ISA_USAGE = YES_ERROR;
				CLANG_WARN_DOCUMENTATION_COMMENTS = YES;
				CLANG_WARN_EMPTY_BODY = YES;
				CLANG_WARN_ENUM_CONVERSION = YES;
				CLANG_WARN_INFINITE_RECURSION = YES;
				CLANG_WARN_INT_CONVERSION = YES;
				CLANG_WARN_NON_LITERAL_NULL_CONVERSION = YES;
				CLANG_WARN_OBJC_IMPLICIT_RETAIN_SELF = YES;
				CLANG_WARN_OBJC_LITERAL_CONVERSION = YES;
				CLANG_WARN_OBJC_ROOT_CLASS = YES_ERROR;
				CLANG_WARN_QUOTED_INCLUDE_IN_FRAMEWORK_HEADER = YES;
				CLANG_WARN_RANGE_LOOP_ANALYSIS = YES;
				CLANG_WARN_STRICT_PROTOTYPES = YES;
				CLANG_WARN_SUSPICIOUS_MOVE = YES;
				CLANG_WARN_UNGUARDED_AVAILABILITY = YES_AGGRESSIVE;
				CLANG_WARN_UNREACHABLE_CODE = YES;
				CLANG_WARN__DUPLICATE_METHOD_MATCH = YES;
				COPY_PHASE_STRIP = NO;
				DEBUG_INFORMATION_FORMAT = dwarf;
				ENABLE_STRICT_OBJC_MSGSEND = YES;
				ENABLE_TESTABILITY = YES;
				GCC_C_LANGUAGE_STANDARD = gnu11;
				GCC_DYNAMIC_NO_PIC = NO;
				GCC_NO_COMMON_BLOCKS = YES;
				GCC_OPTIMIZATION_LEVEL = 0;
				GCC_PREPROCESSOR_DEFINITIONS = (
					"DEBUG=1",
					"$(inherited)",
				);
				GCC_WARN_64_TO_32_BIT_CONVERSION = YES;
				GCC_WARN_ABOUT_RETURN_TYPE = YES_ERROR;
				GCC_WARN_UNDECLARED_SELECTOR = YES;
				GCC_WARN_UNINITIALIZED_AUTOS = YES_AGGRESSIVE;
				GCC_WARN_UNUSED_FUNCTION = YES;
				GCC_WARN_UNUSED_VARIABLE = YES;
				MACOSX_DEPLOYMENT_TARGET = 12.5;
				MTL_ENABLE_DEBUG_INFO = INCLUDE_SOURCE;
				MTL_FAST_MATH = YES;
				ONLY_ACTIVE_ARCH = YES;
				SDKROOT = macosx;
				SWIFT_ACTIVE_COMPILATION_CONDITIONS = DEBUG;
				SWIFT_OPTIMIZATION_LEVEL = "-Onone";
			};
			name = Debug;
		};
		D57706D7294402460020BC00 /* Release */ = {
			isa = XCBuildConfiguration;
			buildSettings = {
				ALWAYS_SEARCH_USER_PATHS = NO;
				CLANG_ANALYZER_NONNULL = YES;
				CLANG_ANALYZER_NUMBER_OBJECT_CONVERSION = YES_AGGRESSIVE;
				CLANG_CXX_LANGUAGE_STANDARD = "gnu++20";
				CLANG_ENABLE_MODULES = YES;
				CLANG_ENABLE_OBJC_ARC = YES;
				CLANG_ENABLE_OBJC_WEAK = YES;
				CLANG_WARN_BLOCK_CAPTURE_AUTORELEASING = YES;
				CLANG_WARN_BOOL_CONVERSION = YES;
				CLANG_WARN_COMMA = YES;
				CLANG_WARN_CONSTANT_CONVERSION = YES;
				CLANG_WARN_DEPRECATED_OBJC_IMPLEMENTATIONS = YES;
				CLANG_WARN_DIRECT_OBJC_ISA_USAGE = YES_ERROR;
				CLANG_WARN_DOCUMENTATION_COMMENTS = YES;
				CLANG_WARN_EMPTY_BODY = YES;
				CLANG_WARN_ENUM_CONVERSION = YES;
				CLANG_WARN_INFINITE_RECURSION = YES;
				CLANG_WARN_INT_CONVERSION = YES;
				CLANG_WARN_NON_LITERAL_NULL_CONVERSION = YES;
				CLANG_WARN_OBJC_IMPLICIT_RETAIN_SELF = YES;
				CLANG_WARN_OBJC_LITERAL_CONVERSION = YES;
				CLANG_WARN_OBJC_ROOT_CLASS = YES_ERROR;
				CLANG_WARN_QUOTED_INCLUDE_IN_FRAMEWORK_HEADER = YES;
				CLANG_WARN_RANGE_LOOP_ANALYSIS = YES;
				CLANG_WARN_STRICT_PROTOTYPES = YES;
				CLANG_WARN_SUSPICIOUS_MOVE = YES;
				CLANG_WARN_UNGUARDED_AVAILABILITY = YES_AGGRESSIVE;
				CLANG_WARN_UNREACHABLE_CODE = YES;
				CLANG_WARN__DUPLICATE_METHOD_MATCH = YES;
				COPY_PHASE_STRIP = NO;
				DEBUG_INFORMATION_FORMAT = "dwarf-with-dsym";
				ENABLE_NS_ASSERTIONS = NO;
				ENABLE_STRICT_OBJC_MSGSEND = YES;
				GCC_C_LANGUAGE_STANDARD = gnu11;
				GCC_NO_COMMON_BLOCKS = YES;
				GCC_WARN_64_TO_32_BIT_CONVERSION = YES;
				GCC_WARN_ABOUT_RETURN_TYPE = YES_ERROR;
				GCC_WARN_UNDECLARED_SELECTOR = YES;
				GCC_WARN_UNINITIALIZED_AUTOS = YES_AGGRESSIVE;
				GCC_WARN_UNUSED_FUNCTION = YES;
				GCC_WARN_UNUSED_VARIABLE = YES;
				MACOSX_DEPLOYMENT_TARGET = 12.5;
				MTL_ENABLE_DEBUG_INFO = NO;
				MTL_FAST_MATH = YES;
				SDKROOT = macosx;
				SWIFT_COMPILATION_MODE = wholemodule;
				SWIFT_OPTIMIZATION_LEVEL = "-O";
			};
			name = Release;
		};
		D57706D9294402460020BC00 /* Debug */ = {
			isa = XCBuildConfiguration;
			buildSettings = {
				ASSETCATALOG_COMPILER_APPICON_NAME = AppIcon;
				ASSETCATALOG_COMPILER_GLOBAL_ACCENT_COLOR_NAME = AccentColor;
				CODE_SIGN_ENTITLEMENTS = FlowMotionPOC/FlowMotionPOC.entitlements;
				CODE_SIGN_STYLE = Automatic;
				COMBINE_HIDPI_IMAGES = YES;
				CURRENT_PROJECT_VERSION = 1;
				DEVELOPMENT_TEAM = 5R97Y7Q7FD;
				ENABLE_HARDENED_RUNTIME = YES;
				GENERATE_INFOPLIST_FILE = YES;
				INFOPLIST_KEY_NSHumanReadableCopyright = "";
				INFOPLIST_KEY_NSMainStoryboardFile = Main;
				INFOPLIST_KEY_NSPrincipalClass = NSApplication;
				LD_RUNPATH_SEARCH_PATHS = (
					"$(inherited)",
					"@executable_path/../Frameworks",
				);
				MARKETING_VERSION = 1.0;
				PRODUCT_BUNDLE_IDENTIFIER = com.gopro.FlowMotionPOC;
				PRODUCT_NAME = "$(TARGET_NAME)";
				SWIFT_EMIT_LOC_STRINGS = YES;
				SWIFT_VERSION = 5.0;
			};
			name = Debug;
		};
		D57706DA294402460020BC00 /* Release */ = {
			isa = XCBuildConfiguration;
			buildSettings = {
				ASSETCATALOG_COMPILER_APPICON_NAME = AppIcon;
				ASSETCATALOG_COMPILER_GLOBAL_ACCENT_COLOR_NAME = AccentColor;
				CODE_SIGN_ENTITLEMENTS = FlowMotionPOC/FlowMotionPOC.entitlements;
				CODE_SIGN_STYLE = Automatic;
				COMBINE_HIDPI_IMAGES = YES;
				CURRENT_PROJECT_VERSION = 1;
				DEVELOPMENT_TEAM = 5R97Y7Q7FD;
				ENABLE_HARDENED_RUNTIME = YES;
				GENERATE_INFOPLIST_FILE = YES;
				INFOPLIST_KEY_NSHumanReadableCopyright = "";
				INFOPLIST_KEY_NSMainStoryboardFile = Main;
				INFOPLIST_KEY_NSPrincipalClass = NSApplication;
				LD_RUNPATH_SEARCH_PATHS = (
					"$(inherited)",
					"@executable_path/../Frameworks",
				);
				MARKETING_VERSION = 1.0;
				PRODUCT_BUNDLE_IDENTIFIER = com.gopro.FlowMotionPOC;
				PRODUCT_NAME = "$(TARGET_NAME)";
				SWIFT_EMIT_LOC_STRINGS = YES;
				SWIFT_VERSION = 5.0;
			};
			name = Release;
		};
		D57706DC294402460020BC00 /* Debug */ = {
			isa = XCBuildConfiguration;
			buildSettings = {
				ALWAYS_EMBED_SWIFT_STANDARD_LIBRARIES = YES;
				BUNDLE_LOADER = "$(TEST_HOST)";
				CODE_SIGN_STYLE = Automatic;
				CURRENT_PROJECT_VERSION = 1;
				DEVELOPMENT_TEAM = WLSUZ67F3V;
				GENERATE_INFOPLIST_FILE = YES;
				MACOSX_DEPLOYMENT_TARGET = 12.5;
				MARKETING_VERSION = 1.0;
				PRODUCT_BUNDLE_IDENTIFIER = com.tedschultz.FlowMotionPOCTests;
				PRODUCT_NAME = "$(TARGET_NAME)";
				SWIFT_EMIT_LOC_STRINGS = NO;
				SWIFT_VERSION = 5.0;
				TEST_HOST = "$(BUILT_PRODUCTS_DIR)/FlowMotionPOC.app/$(BUNDLE_EXECUTABLE_FOLDER_PATH)/FlowMotionPOC";
			};
			name = Debug;
		};
		D57706DD294402460020BC00 /* Release */ = {
			isa = XCBuildConfiguration;
			buildSettings = {
				ALWAYS_EMBED_SWIFT_STANDARD_LIBRARIES = YES;
				BUNDLE_LOADER = "$(TEST_HOST)";
				CODE_SIGN_STYLE = Automatic;
				CURRENT_PROJECT_VERSION = 1;
				DEVELOPMENT_TEAM = WLSUZ67F3V;
				GENERATE_INFOPLIST_FILE = YES;
				MACOSX_DEPLOYMENT_TARGET = 12.5;
				MARKETING_VERSION = 1.0;
				PRODUCT_BUNDLE_IDENTIFIER = com.tedschultz.FlowMotionPOCTests;
				PRODUCT_NAME = "$(TARGET_NAME)";
				SWIFT_EMIT_LOC_STRINGS = NO;
				SWIFT_VERSION = 5.0;
				TEST_HOST = "$(BUILT_PRODUCTS_DIR)/FlowMotionPOC.app/$(BUNDLE_EXECUTABLE_FOLDER_PATH)/FlowMotionPOC";
			};
			name = Release;
		};
		D57706DF294402460020BC00 /* Debug */ = {
			isa = XCBuildConfiguration;
			buildSettings = {
				ALWAYS_EMBED_SWIFT_STANDARD_LIBRARIES = YES;
				CODE_SIGN_STYLE = Automatic;
				CURRENT_PROJECT_VERSION = 1;
				DEVELOPMENT_TEAM = WLSUZ67F3V;
				GENERATE_INFOPLIST_FILE = YES;
				MARKETING_VERSION = 1.0;
				PRODUCT_BUNDLE_IDENTIFIER = com.tedschultz.FlowMotionPOCUITests;
				PRODUCT_NAME = "$(TARGET_NAME)";
				SWIFT_EMIT_LOC_STRINGS = NO;
				SWIFT_VERSION = 5.0;
				TEST_TARGET_NAME = FlowMotionPOC;
			};
			name = Debug;
		};
		D57706E0294402460020BC00 /* Release */ = {
			isa = XCBuildConfiguration;
			buildSettings = {
				ALWAYS_EMBED_SWIFT_STANDARD_LIBRARIES = YES;
				CODE_SIGN_STYLE = Automatic;
				CURRENT_PROJECT_VERSION = 1;
				DEVELOPMENT_TEAM = WLSUZ67F3V;
				GENERATE_INFOPLIST_FILE = YES;
				MARKETING_VERSION = 1.0;
				PRODUCT_BUNDLE_IDENTIFIER = com.tedschultz.FlowMotionPOCUITests;
				PRODUCT_NAME = "$(TARGET_NAME)";
				SWIFT_EMIT_LOC_STRINGS = NO;
				SWIFT_VERSION = 5.0;
				TEST_TARGET_NAME = FlowMotionPOC;
			};
			name = Release;
		};
/* End XCBuildConfiguration section */

/* Begin XCConfigurationList section */
		D57706AE294402430020BC00 /* Build configuration list for PBXProject "FlowMotionPOC" */ = {
			isa = XCConfigurationList;
			buildConfigurations = (
				D57706D6294402460020BC00 /* Debug */,
				D57706D7294402460020BC00 /* Release */,
			);
			defaultConfigurationIsVisible = 0;
			defaultConfigurationName = Release;
		};
		D57706D8294402460020BC00 /* Build configuration list for PBXNativeTarget "FlowMotionPOC" */ = {
			isa = XCConfigurationList;
			buildConfigurations = (
				D57706D9294402460020BC00 /* Debug */,
				D57706DA294402460020BC00 /* Release */,
			);
			defaultConfigurationIsVisible = 0;
			defaultConfigurationName = Release;
		};
		D57706DB294402460020BC00 /* Build configuration list for PBXNativeTarget "FlowMotionPOCTests" */ = {
			isa = XCConfigurationList;
			buildConfigurations = (
				D57706DC294402460020BC00 /* Debug */,
				D57706DD294402460020BC00 /* Release */,
			);
			defaultConfigurationIsVisible = 0;
			defaultConfigurationName = Release;
		};
		D57706DE294402460020BC00 /* Build configuration list for PBXNativeTarget "FlowMotionPOCUITests" */ = {
			isa = XCConfigurationList;
			buildConfigurations = (
				D57706DF294402460020BC00 /* Debug */,
				D57706E0294402460020BC00 /* Release */,
			);
			defaultConfigurationIsVisible = 0;
			defaultConfigurationName = Release;
		};
/* End XCConfigurationList section */
	};
	rootObject = D57706AB294402430020BC00 /* Project object */;
}
